{
  "name": "app",
  "version": "1.0.0",
  "lockfileVersion": 3,
  "requires": true,
  "packages": {
    "": {
      "name": "app",
      "version": "1.0.0",
      "license": "ISC",
      "dependencies": {
        "@corradin/log-something": "npm:@jsr/corradin__log-something@^0.0.1"
      }
    },
    "node_modules/@corradin/log-something": {
      "name": "@jsr/corradin__log-something",
      "version": "0.0.1",
      "resolved": "https://npm.jsr.io/~/7/@jsr/corradin__log-something/0.0.1.tgz",
      "integrity": "sha512-PqEu9H/9J6SXfJJpc0D2geNuNJ9UDq3zT19gUzGboYLOMBlxsNiJLGLrF6QtVxCfUPcljTmpeNDGU6T11Uj50g=="
    }
  }
}
